
Microsoft Visual Studio Solution File, Format Version 12.00
# Visual Studio Version 17
VisualStudioVersion = 17.3.32901.215
MinimumVisualStudioVersion = 10.0.40219.1
Project("{FAE04EC0-301F-11D3-BF4B-00C04F79EFBC}") = "1Vector3D", "1Vector3D\1Vector3D.csproj", "{D172E394-8AFB-44D5-8771-42611ECE66FD}"
EndProject
Global
	GlobalSection(SolutionConfigurationPlatforms) = preSolution
		Debug|Any CPU = Debug|Any CPU
		Release|Any CPU = Release|Any CPU
	EndGlobalSection
	GlobalSection(ProjectConfigurationPlatforms) = postSolution
		{D172E394-8AFB-44D5-8771-42611ECE66FD}.Debug|Any CPU.ActiveCfg = Debug|Any CPU
		{D172E394-8AFB-44D5-8771-42611ECE66FD}.Debug|Any CPU.Build.0 = Debug|Any CPU
		{D172E394-8AFB-44D5-8771-42611ECE66FD}.Release|Any CPU.ActiveCfg = Release|Any CPU
		{D172E394-8AFB-44D5-8771-42611ECE66FD}.Release|Any CPU.Build.0 = Release|Any CPU
	EndGlobalSection
	GlobalSection(SolutionProperties) = preSolution
		HideSolutionNode = FALSE
	EndGlobalSection
	GlobalSection(ExtensibilityGlobals) = postSolution
		SolutionGuid = {C9F960D3-F148-4368-990B-6983A2AA03B3}
	EndGlobalSection
EndGlobal
